
Microsoft Visual Studio Solution File, Format Version 12.00
# Visual Studio Version 17
VisualStudioVersion = 17.10.35013.160
MinimumVisualStudioVersion = 10.0.40219.1
Project("{FAE04EC0-301F-11D3-BF4B-00C04F79EFBC}") = "Fruit_Shop", "Fruit_Shop\Fruit_Shop.csproj", "{19A76A93-9C09-45BF-BE06-4A90899926CD}"
EndProject
Global
	GlobalSection(SolutionConfigurationPlatforms) = preSolution
		Debug|Any CPU = Debug|Any CPU
		Release|Any CPU = Release|Any CPU
	EndGlobalSection
	GlobalSection(ProjectConfigurationPlatforms) = postSolution
		{19A76A93-9C09-45BF-BE06-4A90899926CD}.Debug|Any CPU.ActiveCfg = Debug|Any CPU
		{19A76A93-9C09-45BF-BE06-4A90899926CD}.Debug|Any CPU.Build.0 = Debug|Any CPU
		{19A76A93-9C09-45BF-BE06-4A90899926CD}.Release|Any CPU.ActiveCfg = Release|Any CPU
		{19A76A93-9C09-45BF-BE06-4A90899926CD}.Release|Any CPU.Build.0 = Release|Any CPU
	EndGlobalSection
	GlobalSection(SolutionProperties) = preSolution
		HideSolutionNode = FALSE
	EndGlobalSection
	GlobalSection(ExtensibilityGlobals) = postSolution
		SolutionGuid = {A192B053-1E5A-4528-AFBD-5DC9982E43C3}
	EndGlobalSection
EndGlobal
